
Microsoft Visual Studio Solution File, Format Version 12.00
# Visual Studio Version 16
VisualStudioVersion = 16.0.30225.117
MinimumVisualStudioVersion = 10.0.40219.1
Project("{888888A0-9F3D-457C-B088-3A5042F75D52}") = "get_cnyrate", "get_cnyrate\get_cnyrate.pyproj", "{096DB0F9-3AC2-4BB6-B671-D2C33505E262}"
EndProject
Global
	GlobalSection(SolutionConfigurationPlatforms) = preSolution
		Debug|Any CPU = Debug|Any CPU
		Release|Any CPU = Release|Any CPU
	EndGlobalSection
	GlobalSection(ProjectConfigurationPlatforms) = postSolution
		{096DB0F9-3AC2-4BB6-B671-D2C33505E262}.Debug|Any CPU.ActiveCfg = Debug|Any CPU
		{096DB0F9-3AC2-4BB6-B671-D2C33505E262}.Release|Any CPU.ActiveCfg = Release|Any CPU
	EndGlobalSection
	GlobalSection(SolutionProperties) = preSolution
		HideSolutionNode = FALSE
	EndGlobalSection
	GlobalSection(ExtensibilityGlobals) = postSolution
		SolutionGuid = {510A0108-A934-4B95-B385-62E173FE3EDA}
	EndGlobalSection
EndGlobal
